<?xml version="1.0" encoding="utf-8"?>
<Project ToolsVersion="4.0" xmlns="http://schemas.microsoft.com/developer/msbuild/2003">
  <ItemGroup>
    <ClInclude Include="Engine.h" />
    <ClInclude Include="stdafx.h">
      <Filter>Precompile</Filter>
    </ClInclude>
    <ClInclude Include="Camera.h" />
    <ClInclude Include="Scene.h" />
    <ClInclude Include="AssetContainer.h">
      <Filter>AssetManagement</Filter>
    </ClInclude>
    <ClInclude Include="IModelFactory.h">
      <Filter>AssetManagement\ModelLoaders</Filter>
    </ClInclude>
    <ClInclude Include="FBXFactory.h">
      <Filter>AssetManagement\ModelLoaders</Filter>
    </ClInclude>
    <ClInclude Include="FBX\FbxLoader.h">
      <Filter>AssetManagement\ModelLoaders\FBX</Filter>
    </ClInclude>
    <ClInclude Include="Effect.h">
      <Filter>AssetManagement</Filter>
    </ClInclude>
    <ClInclude Include="Texture.h">
      <Filter>AssetManagement</Filter>
    </ClInclude>
    <ClInclude Include="FullscreenQuad.h">
      <Filter>Rendering\Fullscreen Rendering</Filter>
    </ClInclude>
    <ClInclude Include="GBuffer.h">
      <Filter>Rendering\Fullscreen Rendering</Filter>
    </ClInclude>
    <ClInclude Include="PointLight.h">
      <Filter>Rendering\Lights</Filter>
    </ClInclude>
    <ClInclude Include="DeferredRenderer.h">
      <Filter>Rendering\Fullscreen Rendering</Filter>
    </ClInclude>
    <ClInclude Include="Renderer.h">
      <Filter>Rendering\Fullscreen Rendering</Filter>
    </ClInclude>
    <ClInclude Include="GfxStructs.h">
      <Filter>Structs</Filter>
    </ClInclude>
    <ClInclude Include="ModelData.h">
      <Filter>Structs</Filter>
    </ClInclude>
    <ClInclude Include="Backbuffer.h">
      <Filter>Structs</Filter>
    </ClInclude>
    <ClInclude Include="GPUData.h">
      <Filter>Structs</Filter>
    </ClInclude>
    <ClInclude Include="Instance.h">
      <Filter>Rendering</Filter>
    </ClInclude>
    <ClInclude Include="DirectX.h">
      <Filter>GPUContext</Filter>
    </ClInclude>
    <ClInclude Include="GPUContext.h">
      <Filter>GPUContext</Filter>
    </ClInclude>
    <ClInclude Include="WindowHandler.h" />
    <ClInclude Include="IGame.h" />
  </ItemGroup>
  <ItemGroup>
    <ClCompile Include="Engine.cpp" />
    <ClCompile Include="stdafx.cpp">
      <Filter>Precompile</Filter>
    </ClCompile>
    <ClCompile Include="Camera.cpp" />
    <ClCompile Include="Scene.cpp" />
    <ClCompile Include="AssetContainer.cpp">
      <Filter>AssetManagement</Filter>
    </ClCompile>
    <ClCompile Include="FBXFactory.cpp">
      <Filter>AssetManagement\ModelLoaders</Filter>
    </ClCompile>
    <ClCompile Include="FBX\FbxLoader.cpp">
      <Filter>AssetManagement\ModelLoaders\FBX</Filter>
    </ClCompile>
    <ClCompile Include="Effect.cpp">
      <Filter>AssetManagement</Filter>
    </ClCompile>
    <ClCompile Include="Texture.cpp">
      <Filter>AssetManagement</Filter>
    </ClCompile>
    <ClCompile Include="FullscreenQuad.cpp">
      <Filter>Rendering\Fullscreen Rendering</Filter>
    </ClCompile>
    <ClCompile Include="GBuffer.cpp">
      <Filter>Rendering\Fullscreen Rendering</Filter>
    </ClCompile>
    <ClCompile Include="PointLight.cpp">
      <Filter>Rendering\Lights</Filter>
    </ClCompile>
    <ClCompile Include="DeferredRenderer.cpp">
      <Filter>Rendering\Fullscreen Rendering</Filter>
    </ClCompile>
    <ClCompile Include="Renderer.cpp">
      <Filter>Rendering\Fullscreen Rendering</Filter>
    </ClCompile>
    <ClCompile Include="ModelData.cpp">
      <Filter>Structs</Filter>
    </ClCompile>
    <ClCompile Include="GPUData.cpp">
      <Filter>Structs</Filter>
    </ClCompile>
    <ClCompile Include="Instance.cpp">
      <Filter>Rendering</Filter>
    </ClCompile>
    <ClCompile Include="DirectX.cpp">
      <Filter>GPUContext</Filter>
    </ClCompile>
    <ClCompile Include="GPUContext.cpp">
      <Filter>GPUContext</Filter>
    </ClCompile>
    <ClCompile Include="WindowHandler.cpp" />
  </ItemGroup>
  <ItemGroup>
    <Filter Include="Precompile">
      <UniqueIdentifier>{5e9f812d-de6c-4dae-aa9e-f2deb6a2db76}</UniqueIdentifier>
    </Filter>
    <Filter Include="Rendering">
      <UniqueIdentifier>{6044f429-b27f-4d29-b884-2ce5b17ad9b2}</UniqueIdentifier>
    </Filter>
    <Filter Include="AssetManagement">
      <UniqueIdentifier>{f4630e69-0f8b-4315-9c63-4362c4573a08}</UniqueIdentifier>
    </Filter>
    <Filter Include="AssetManagement\ModelLoaders">
      <UniqueIdentifier>{c1af0d62-40bc-46c2-aa71-6d3f4a1f84b4}</UniqueIdentifier>
    </Filter>
    <Filter Include="AssetManagement\ModelLoaders\FBX">
      <UniqueIdentifier>{a06aad34-e3f4-4132-a2f3-458687353b4c}</UniqueIdentifier>
    </Filter>
    <Filter Include="Rendering\Fullscreen Rendering">
      <UniqueIdentifier>{72ee9903-58f6-4ec8-bdab-e16d02a11869}</UniqueIdentifier>
    </Filter>
    <Filter Include="Rendering\Lights">
      <UniqueIdentifier>{f0286580-fa49-43c4-a3b2-6af500192480}</UniqueIdentifier>
    </Filter>
    <Filter Include="Structs">
      <UniqueIdentifier>{410dad21-b6c2-4984-8c24-d2667e787ade}</UniqueIdentifier>
    </Filter>
    <Filter Include="GPUContext">
      <UniqueIdentifier>{0bdf16c1-0d53-4206-b1f1-7c68639c79c5}</UniqueIdentifier>
    </Filter>
  </ItemGroup>
</Project>