<?xml version="1.0" encoding="utf-8"?>
<Project ToolsVersion="4.0" xmlns="http://schemas.microsoft.com/developer/msbuild/2003">
  <ItemGroup>
    <ClInclude Include="Engine.h" />
    <ClInclude Include="stdafx.h">
      <Filter>Precompile</Filter>
    </ClInclude>
    <ClInclude Include="WindowHandler.h" />
    <ClInclude Include="IGame.h" />
    <ClInclude Include="Entity\Include\BaseComponent.h">
      <Filter>Entity</Filter>
    </ClInclude>
    <ClInclude Include="Entity\Include\BaseProcessor.h">
      <Filter>Entity</Filter>
    </ClInclude>
    <ClInclude Include="Entity\Include\ComponentFilter.h">
      <Filter>Entity</Filter>
    </ClInclude>
    <ClInclude Include="Entity\Include\ComponentStorage.h">
      <Filter>Entity</Filter>
    </ClInclude>
    <ClInclude Include="Entity\Include\CustomEntityTypes.h">
      <Filter>Entity</Filter>
    </ClInclude>
    <ClInclude Include="Entity\Include\TypeID.h">
      <Filter>Entity</Filter>
    </ClInclude>
    <ClInclude Include="Entity\Include\World.h">
      <Filter>Entity</Filter>
    </ClInclude>
    <ClInclude Include="Entity\Include\Event.h">
      <Filter>Entity</Filter>
    </ClInclude>
    <ClInclude Include="Node.h">
      <Filter>Scripting</Filter>
    </ClInclude>
    <ClInclude Include="NodeGraph.h">
      <Filter>Scripting</Filter>
    </ClInclude>
    <ClInclude Include="NodePinData.h">
      <Filter>Scripting</Filter>
    </ClInclude>
    <ClInclude Include="ScriptSystem.h">
      <Filter>Scripting</Filter>
    </ClInclude>
    <ClInclude Include="LuaFiles\lauxlib.h">
      <Filter>Scripting\LuaFiles</Filter>
    </ClInclude>
    <ClInclude Include="LuaFiles\lua.h">
      <Filter>Scripting\LuaFiles</Filter>
    </ClInclude>
    <ClInclude Include="LuaFiles\lua.hpp">
      <Filter>Scripting\LuaFiles</Filter>
    </ClInclude>
    <ClInclude Include="LuaFiles\luaconf.h">
      <Filter>Scripting\LuaFiles</Filter>
    </ClInclude>
    <ClInclude Include="LuaFiles\lualib.h">
      <Filter>Scripting\LuaFiles</Filter>
    </ClInclude>
    <ClInclude Include="Font.h">
      <Filter>Rendering\Text</Filter>
    </ClInclude>
    <ClInclude Include="Text.h">
      <Filter>Rendering\Text</Filter>
    </ClInclude>
    <ClInclude Include="GfxStructs.h">
      <Filter>Rendering\Structs</Filter>
    </ClInclude>
    <ClInclude Include="GPUData.h">
      <Filter>Rendering\Structs</Filter>
    </ClInclude>
    <ClInclude Include="ModelData.h">
      <Filter>Rendering\Structs</Filter>
    </ClInclude>
    <ClInclude Include="TextData.h">
      <Filter>Rendering\Structs</Filter>
    </ClInclude>
    <ClInclude Include="PointLight.h">
      <Filter>Rendering\Lights</Filter>
    </ClInclude>
    <ClInclude Include="GPUContext.h">
      <Filter>Rendering\GPUContext</Filter>
    </ClInclude>
    <ClInclude Include="GBuffer.h">
      <Filter>Rendering\Fullscreen Rendering</Filter>
    </ClInclude>
    <ClInclude Include="QuadRenderer.h">
      <Filter>Rendering\Fullscreen Rendering</Filter>
    </ClInclude>
    <ClInclude Include="Texture.h">
      <Filter>Rendering\AssetManagement</Filter>
    </ClInclude>
    <ClInclude Include="FBXFactory.h">
      <Filter>Rendering\AssetManagement\ModelLoaders</Filter>
    </ClInclude>
    <ClInclude Include="IModelFactory.h">
      <Filter>Rendering\AssetManagement\ModelLoaders</Filter>
    </ClInclude>
    <ClInclude Include="FBX\AnimationUtility.h">
      <Filter>Rendering\AssetManagement\ModelLoaders\FBXFiles</Filter>
    </ClInclude>
    <ClInclude Include="FBX\Common.h">
      <Filter>Rendering\AssetManagement\ModelLoaders\FBXFiles</Filter>
    </ClInclude>
    <ClInclude Include="FBX\FbxLoader.h">
      <Filter>Rendering\AssetManagement\ModelLoaders\FBXFiles</Filter>
    </ClInclude>
    <ClInclude Include="FBX\GeometryUtility.h">
      <Filter>Rendering\AssetManagement\ModelLoaders\FBXFiles</Filter>
    </ClInclude>
    <ClInclude Include="LodStructs.h">
      <Filter>Rendering</Filter>
    </ClInclude>
    <ClInclude Include="Renderer.h">
      <Filter>Rendering</Filter>
    </ClInclude>
    <ClInclude Include="RendererProxy.h">
      <Filter>Rendering</Filter>
    </ClInclude>
    <ClInclude Include="Types.h">
      <Filter>Rendering</Filter>
    </ClInclude>
    <ClInclude Include="DebugDrawer.h">
      <Filter>Debugging</Filter>
    </ClInclude>
    <ClInclude Include="AssetContainer.h">
      <Filter>Rendering\AssetManagement</Filter>
    </ClInclude>
    <ClInclude Include="DeferredRenderer.h">
      <Filter>Rendering\Fullscreen Rendering</Filter>
    </ClInclude>
    <ClInclude Include="Camera.h">
      <Filter>Rendering</Filter>
    </ClInclude>
    <ClInclude Include="DirectX.h">
      <Filter>Rendering\GPUContext</Filter>
    </ClInclude>
    <ClInclude Include="Effect.h">
      <Filter>Rendering\AssetManagement</Filter>
    </ClInclude>
    <ClInclude Include="Profiler.h">
      <Filter>Debugging</Filter>
    </ClInclude>
    <ClInclude Include="ProfilerInclude.h" />
  </ItemGroup>
  <ItemGroup>
    <ClCompile Include="Engine.cpp" />
    <ClCompile Include="stdafx.cpp">
      <Filter>Precompile</Filter>
    </ClCompile>
    <ClCompile Include="WindowHandler.cpp" />
    <ClCompile Include="Entity\Source\BaseProcessor.cpp">
      <Filter>Entity</Filter>
    </ClCompile>
    <ClCompile Include="Entity\Source\ComponentStorage.cpp">
      <Filter>Entity</Filter>
    </ClCompile>
    <ClCompile Include="Entity\Source\World.cpp">
      <Filter>Entity</Filter>
    </ClCompile>
    <ClCompile Include="Node.cpp">
      <Filter>Scripting</Filter>
    </ClCompile>
    <ClCompile Include="NodeGraph.cpp">
      <Filter>Scripting</Filter>
    </ClCompile>
    <ClCompile Include="ScriptSystem.cpp">
      <Filter>Scripting</Filter>
    </ClCompile>
    <ClCompile Include="Font.cpp">
      <Filter>Rendering\Text</Filter>
    </ClCompile>
    <ClCompile Include="Text.cpp">
      <Filter>Rendering\Text</Filter>
    </ClCompile>
    <ClCompile Include="GPUData.cpp">
      <Filter>Rendering\Structs</Filter>
    </ClCompile>
    <ClCompile Include="ModelData.cpp">
      <Filter>Rendering\Structs</Filter>
    </ClCompile>
    <ClCompile Include="TextData.cpp">
      <Filter>Rendering\Structs</Filter>
    </ClCompile>
    <ClCompile Include="PointLight.cpp">
      <Filter>Rendering\Lights</Filter>
    </ClCompile>
    <ClCompile Include="GPUContext.cpp">
      <Filter>Rendering\GPUContext</Filter>
    </ClCompile>
    <ClCompile Include="GBuffer.cpp">
      <Filter>Rendering\Fullscreen Rendering</Filter>
    </ClCompile>
    <ClCompile Include="QuadRenderer.cpp">
      <Filter>Rendering\Fullscreen Rendering</Filter>
    </ClCompile>
    <ClCompile Include="Texture.cpp">
      <Filter>Rendering\AssetManagement</Filter>
    </ClCompile>
    <ClCompile Include="FBXFactory.cpp">
      <Filter>Rendering\AssetManagement\ModelLoaders</Filter>
    </ClCompile>
    <ClCompile Include="FBX\AnimationUtility.cxx">
      <Filter>Rendering\AssetManagement\ModelLoaders\FBXFiles</Filter>
    </ClCompile>
    <ClCompile Include="FBX\Common.cxx">
      <Filter>Rendering\AssetManagement\ModelLoaders\FBXFiles</Filter>
    </ClCompile>
    <ClCompile Include="FBX\FbxLoader.cpp">
      <Filter>Rendering\AssetManagement\ModelLoaders\FBXFiles</Filter>
    </ClCompile>
    <ClCompile Include="FBX\GeometryUtility.cxx">
      <Filter>Rendering\AssetManagement\ModelLoaders\FBXFiles</Filter>
    </ClCompile>
    <ClCompile Include="Renderer.cpp">
      <Filter>Rendering</Filter>
    </ClCompile>
    <ClCompile Include="RendererProxy.cpp">
      <Filter>Rendering</Filter>
    </ClCompile>
    <ClCompile Include="DebugDrawer.cpp">
      <Filter>Debugging</Filter>
    </ClCompile>
    <ClCompile Include="AssetContainer.cpp">
      <Filter>Rendering\AssetManagement</Filter>
    </ClCompile>
    <ClCompile Include="DeferredRenderer.cpp">
      <Filter>Rendering\Fullscreen Rendering</Filter>
    </ClCompile>
    <ClCompile Include="Camera.cpp">
      <Filter>Rendering</Filter>
    </ClCompile>
    <ClCompile Include="DirectX.cpp">
      <Filter>Rendering\GPUContext</Filter>
    </ClCompile>
    <ClCompile Include="Effect.cpp">
      <Filter>Rendering\AssetManagement</Filter>
    </ClCompile>
    <ClCompile Include="Profiler.cpp">
      <Filter>Debugging</Filter>
    </ClCompile>
    <ClCompile Include="ProfilerInclude.cpp" />
  </ItemGroup>
  <ItemGroup>
    <Filter Include="Precompile">
      <UniqueIdentifier>{5e9f812d-de6c-4dae-aa9e-f2deb6a2db76}</UniqueIdentifier>
    </Filter>
    <Filter Include="Rendering">
      <UniqueIdentifier>{6044f429-b27f-4d29-b884-2ce5b17ad9b2}</UniqueIdentifier>
    </Filter>
    <Filter Include="Rendering\Fullscreen Rendering">
      <UniqueIdentifier>{72ee9903-58f6-4ec8-bdab-e16d02a11869}</UniqueIdentifier>
    </Filter>
    <Filter Include="Rendering\Lights">
      <UniqueIdentifier>{f0286580-fa49-43c4-a3b2-6af500192480}</UniqueIdentifier>
    </Filter>
    <Filter Include="Rendering\GPUContext">
      <UniqueIdentifier>{0bdf16c1-0d53-4206-b1f1-7c68639c79c5}</UniqueIdentifier>
    </Filter>
    <Filter Include="Rendering\Structs">
      <UniqueIdentifier>{410dad21-b6c2-4984-8c24-d2667e787ade}</UniqueIdentifier>
    </Filter>
    <Filter Include="Entity">
      <UniqueIdentifier>{504fd70a-1d15-42db-b8be-8fac93dc237d}</UniqueIdentifier>
    </Filter>
    <Filter Include="Rendering\AssetManagement">
      <UniqueIdentifier>{f4630e69-0f8b-4315-9c63-4362c4573a08}</UniqueIdentifier>
    </Filter>
    <Filter Include="Rendering\AssetManagement\ModelLoaders">
      <UniqueIdentifier>{c1af0d62-40bc-46c2-aa71-6d3f4a1f84b4}</UniqueIdentifier>
    </Filter>
    <Filter Include="Scripting">
      <UniqueIdentifier>{80c1916a-1788-4286-a113-083a15a6a38b}</UniqueIdentifier>
    </Filter>
    <Filter Include="Rendering\Text">
      <UniqueIdentifier>{74fbad79-1ac5-4310-a97b-d2702c291710}</UniqueIdentifier>
    </Filter>
    <Filter Include="Scripting\LuaFiles">
      <UniqueIdentifier>{9e349fdc-5684-46f0-9c04-5e4a3ef98b7a}</UniqueIdentifier>
    </Filter>
    <Filter Include="Rendering\AssetManagement\ModelLoaders\FBXFiles">
      <UniqueIdentifier>{3e793644-0413-433c-81a1-c2335b802a9f}</UniqueIdentifier>
    </Filter>
    <Filter Include="Debugging">
      <UniqueIdentifier>{02601def-12a3-4f43-ba1b-89abf94097be}</UniqueIdentifier>
    </Filter>
  </ItemGroup>
</Project>